{
  "name": "kid-videos-app",
  "version": "1.0.0",
  "lockfileVersion": 3,
  "requires": true,
  "packages": {
    "": {
      "name": "kid-videos-app",
      "version": "1.0.0",
      "license": "MIT",
      "devDependencies": {
        "@tauri-apps/cli": "^2.0.0"
      }
    },
    "node_modules/@tauri-apps/cli": {
      "version": "2.8.1",
      "resolved": "https://registry.npmjs.org/@tauri-apps/cli/-/cli-2.8.1.tgz",
      "integrity": "sha512-ONVAfI7PFUO6MdSq9dh2YwlIb1cAezrzqrWw2+TChVskoqzDyyzncU7yXlcph/H/nR/kNDEY3E1pC8aV3TVCNQ==",
      "dev": true,
      "license": "Apache-2.0 OR MIT",
      "bin": {
        "tauri": "tauri.js"
      },
      "engines": {
        "node": ">= 10"
      },
      "funding": {
        "type": "opencollective",
        "url": "https://opencollective.com/tauri"
      },
      "optionalDependencies": {
        "@tauri-apps/cli-darwin-arm64": "2.8.1",
        "@tauri-apps/cli-darwin-x64": "2.8.1",
        "@tauri-apps/cli-linux-arm-gnueabihf": "2.8.1",
        "@tauri-apps/cli-linux-arm64-gnu": "2.8.1",
        "@tauri-apps/cli-linux-arm64-musl": "2.8.1",
        "@tauri-apps/cli-linux-riscv64-gnu": "2.8.1",
        "@tauri-apps/cli-linux-x64-gnu": "2.8.1",
        "@tauri-apps/cli-linux-x64-musl": "2.8.1",
        "@tauri-apps/cli-win32-arm64-msvc": "2.8.1",
        "@tauri-apps/cli-win32-ia32-msvc": "2.8.1",
        "@tauri-apps/cli-win32-x64-msvc": "2.8.1"
      }
    },
    "node_modules/@tauri-apps/cli-darwin-arm64": {
      "version": "2.8.1",
      "resolved": "https://registry.npmjs.org/@tauri-apps/cli-darwin-arm64/-/cli-darwin-arm64-2.8.1.tgz",
      "integrity": "sha512-301XWcDozcvJ79uMRquSvgI4vvAxetFs+reMpBI1U5mSWixjUqxZjxs9UDJAtE+GFXdGYTjSLUxCKe5WBDKZ/A==",
      "cpu": [
        "arm64"
      ],
      "dev": true,
      "license": "Apache-2.0 OR MIT",
      "optional": true,
      "os": [
        "darwin"
      ],
      "engines": {
        "node": ">= 10"
      }
    },
    "node_modules/@tauri-apps/cli-darwin-x64": {
      "version": "2.8.1",
      "resolved": "https://registry.npmjs.org/@tauri-apps/cli-darwin-x64/-/cli-darwin-x64-2.8.1.tgz",
      "integrity": "sha512-fJpOD/jWNy3sn27mjPGexBxGPTCgoCu29C+7qBV8kKJQGrRB4/zJk2zMqcKMjV/1Dma47n+saQWXLFwGpRUHgQ==",
      "cpu": [
        "x64"
      ],
      "dev": true,
      "license": "Apache-2.0 OR MIT",
      "optional": true,
      "os": [
        "darwin"
      ],
      "engines": {
        "node": ">= 10"
      }
    },
    "node_modules/@tauri-apps/cli-linux-arm-gnueabihf": {
      "version": "2.8.1",
      "resolved": "https://registry.npmjs.org/@tauri-apps/cli-linux-arm-gnueabihf/-/cli-linux-arm-gnueabihf-2.8.1.tgz",
      "integrity": "sha512-BcrZiInB3xjdV/Q2yv88aAz4Ajrxomd1+oePUO8ZWVpdhFwMZaAAOMbpPVgrlanGBeSzU7Aim9i1Opz/+JYiDA==",
      "cpu": [
        "arm"
      ],
      "dev": true,
      "license": "Apache-2.0 OR MIT",
      "optional": true,
      "os": [
        "linux"
      ],
      "engines": {
        "node": ">= 10"
      }
    },
    "node_modules/@tauri-apps/cli-linux-arm64-gnu": {
      "version": "2.8.1",
      "resolved": "https://registry.npmjs.org/@tauri-apps/cli-linux-arm64-gnu/-/cli-linux-arm64-gnu-2.8.1.tgz",
      "integrity": "sha512-uZXaQrcdk55h4qWSe3pngg6LMUwVUIoluxXG/cmKHeq8LddlUdKpj3OaSPahLWip1Ol6hq14ysvywzsrdhM4kA==",
      "cpu": [
        "arm64"
      ],
      "dev": true,
      "license": "Apache-2.0 OR MIT",
      "optional": true,
      "os": [
        "linux"
      ],
      "engines": {
        "node": ">= 10"
      }
    },
    "node_modules/@tauri-apps/cli-linux-arm64-musl": {
      "version": "2.8.1",
      "resolved": "https://registry.npmjs.org/@tauri-apps/cli-linux-arm64-musl/-/cli-linux-arm64-musl-2.8.1.tgz",
      "integrity": "sha512-VK/zwBzQY9SfyK7RSrxlIRQLJyhyssoByYWPK/FJMre8SV/y8zZ071cTQNG9dPWM1f+onI1WPTleG+TBUq/0Gw==",
      "cpu": [
        "arm64"
      ],
      "dev": true,
      "license": "Apache-2.0 OR MIT",
      "optional": true,
      "os": [
        "linux"
      ],
      "engines": {
        "node": ">= 10"
      }
    },
    "node_modules/@tauri-apps/cli-linux-riscv64-gnu": {
      "version": "2.8.1",
      "resolved": "https://registry.npmjs.org/@tauri-apps/cli-linux-riscv64-gnu/-/cli-linux-riscv64-gnu-2.8.1.tgz",
      "integrity": "sha512-bFw3zK6xkyurDR5kw2QgiU6YFlFNrfgtli3wRdTRv8zSVLZMQ2iZ8keYnd57vpvsbZ9PusFPYAMS7Fkzkf9I4g==",
      "cpu": [
        "riscv64"
      ],
      "dev": true,
      "license": "Apache-2.0 OR MIT",
      "optional": true,
      "os": [
        "linux"
      ],
      "engines": {
        "node": ">= 10"
      }
    },
    "node_modules/@tauri-apps/cli-linux-x64-gnu": {
      "version": "2.8.1",
      "resolved": "https://registry.npmjs.org/@tauri-apps/cli-linux-x64-gnu/-/cli-linux-x64-gnu-2.8.1.tgz",
      "integrity": "sha512-zOnFX+Rppuz0UVVSeCi67lMet8le+yT4UIiQ6t/QYGtpoWO/D4GpMoVYehJlR14klNXrC2CRxT9b3BUWTCEBwA==",
      "cpu": [
        "x64"
      ],
      "dev": true,
      "license": "Apache-2.0 OR MIT",
      "optional": true,
      "os": [
        "linux"
      ],
      "engines": {
        "node": ">= 10"
      }
    },
    "node_modules/@tauri-apps/cli-linux-x64-musl": {
      "version": "2.8.1",
      "resolved": "https://registry.npmjs.org/@tauri-apps/cli-linux-x64-musl/-/cli-linux-x64-musl-2.8.1.tgz",
      "integrity": "sha512-gLy6eisaeOTC6NQirs3a0XZNCVT/i7JPYHkXx6ArH6+Kb9IU8ogthTY4MQoYbkWmdOp3ijKX+RT1dD3IZURrEg==",
      "cpu": [
        "x64"
      ],
      "dev": true,
      "license": "Apache-2.0 OR MIT",
      "optional": true,
      "os": [
        "linux"
      ],
      "engines": {
        "node": ">= 10"
      }
    },
    "node_modules/@tauri-apps/cli-win32-arm64-msvc": {
      "version": "2.8.1",
      "resolved": "https://registry.npmjs.org/@tauri-apps/cli-win32-arm64-msvc/-/cli-win32-arm64-msvc-2.8.1.tgz",
      "integrity": "sha512-ciZ93Dm847zFDqRyc1e0YRiu/cdWne1bMhvifcZOibbyqSKB9o+b95Y5axMtXqR4Wsd2mHiC5TE+MVF3NDsdEw==",
      "cpu": [
        "arm64"
      ],
      "dev": true,
      "license": "Apache-2.0 OR MIT",
      "optional": true,
      "os": [
        "win32"
      ],
      "engines": {
        "node": ">= 10"
      }
    },
    "node_modules/@tauri-apps/cli-win32-ia32-msvc": {
      "version": "2.8.1",
      "resolved": "https://registry.npmjs.org/@tauri-apps/cli-win32-ia32-msvc/-/cli-win32-ia32-msvc-2.8.1.tgz",
      "integrity": "sha512-uWUa503Pw53XidUvcqWOvVsBY7vpQs+ZlTyQgXSnPuTiMF1l5bFEzqoHMvZfIL3MFG13xCAqVK1bR7lFB/6qMQ==",
      "cpu": [
        "ia32"
      ],
      "dev": true,
      "license": "Apache-2.0 OR MIT",
      "optional": true,
      "os": [
        "win32"
      ],
      "engines": {
        "node": ">= 10"
      }
    },
    "node_modules/@tauri-apps/cli-win32-x64-msvc": {
      "version": "2.8.1",
      "resolved": "https://registry.npmjs.org/@tauri-apps/cli-win32-x64-msvc/-/cli-win32-x64-msvc-2.8.1.tgz",
      "integrity": "sha512-KmiT0vI7FMBWfk5YDQg7+WcjzuMdeaHOQ7H0podZ7lyJg2qo2DpbGp8y+fMVCRsmvQx5bW6Cyh1ArfO1kkUInA==",
      "cpu": [
        "x64"
      ],
      "dev": true,
      "license": "Apache-2.0 OR MIT",
      "optional": true,
      "os": [
        "win32"
      ],
      "engines": {
        "node": ">= 10"
      }
    }
  }
}
